{
  "nodes": {
    "flakeNimbleLib": {
      "inputs": {
        "nixpkgs": [
          "nixpkgs"
        ]
      },
      "locked": {
        "lastModified": 1648105061,
        "narHash": "sha256-Je25qNlH4xrH3+m6vIq6yPvdfQ80FRTwX4JOhrRLduc=",
        "owner": "riinr",
        "repo": "nim-flakes-lib",
        "rev": "f1ec5e2f15b9f717c33b6942ce7cb344ff868522",
        "type": "github"
      },
      "original": {
        "owner": "riinr",
        "ref": "master",
        "repo": "nim-flakes-lib",
        "type": "github"
      }
    },
    "nimdotenv-master": {
      "inputs": {
        "flakeNimbleLib": [
          "flakeNimbleLib"
        ],
        "nixpkgs": [
          "nixpkgs"
        ],
        "src-nimdotenv-master": "src-nimdotenv-master"
      },
      "locked": {
        "dir": "master",
        "lastModified": 1652797347,
        "narHash": "sha256-aWcT4b2cADtu9vYpr/otMIOV5xVoI3p5/TXpOHo0uoY=",
        "owner": "nim-nix-pkgs",
        "repo": "nimdotenv",
        "rev": "48b1d77bca2037a7d2e0cdfb9223f16d08209562",
        "type": "github"
      },
      "original": {
        "dir": "master",
        "owner": "nim-nix-pkgs",
        "ref": "master",
        "repo": "nimdotenv",
        "type": "github"
      }
    },
    "nixpkgs": {
      "locked": {
        "narHash": "sha256-7sWpWRO0IsBP5jm9qCrpuzDkWC7UAghiCmZZ+1uqHKo=",
        "path": "/nix/store/q2jrkx5a3z6yxzbfai0kxpnqki80jm3l-source",
        "type": "path"
      },
      "original": {
        "id": "nixpkgs",
        "type": "indirect"
      }
    },
    "root": {
      "inputs": {
        "flakeNimbleLib": "flakeNimbleLib",
        "nimdotenv-master": "nimdotenv-master",
        "nixpkgs": "nixpkgs"
      }
    },
    "src-nimdotenv-master": {
      "flake": false,
      "locked": {
        "lastModified": 1651139828,
        "narHash": "sha256-ZjaNU8vh/sdTyiAQPUM45RqBQRdDPKzwsVAHTv9d6mw=",
        "owner": "wioenena-q",
        "repo": "nim-dotenv",
        "rev": "795411f424c51d5f0caf47b49a625a266a4c8788",
        "type": "github"
      },
      "original": {
        "owner": "wioenena-q",
        "ref": "refs/heads/master",
        "repo": "nim-dotenv",
        "type": "github"
      }
    }
  },
  "root": "root",
  "version": 7
}
